// !$*UTF8*$!
{
	archiveVersion = 1;
	classes = {
	};
	objectVersion = 46;
	objects = {

/* Begin PBXBuildFile section */
		554A26B51A223BAE003CB3B2 /* TaskModel.swift in Sources */ = {isa = PBXBuildFile; fileRef = 554A26B41A223BAE003CB3B2 /* TaskModel.swift */; };
		554A26B71A223D57003CB3B2 /* TaskDetailViewController.swift in Sources */ = {isa = PBXBuildFile; fileRef = 554A26B61A223D57003CB3B2 /* TaskDetailViewController.swift */; };
		55F423B71A18E8E90058BF0A /* AppDelegate.swift in Sources */ = {isa = PBXBuildFile; fileRef = 55F423B61A18E8E90058BF0A /* AppDelegate.swift */; };
		55F423B91A18E8E90058BF0A /* ViewController.swift in Sources */ = {isa = PBXBuildFile; fileRef = 55F423B81A18E8E90058BF0A /* ViewController.swift */; };
		55F423BC1A18E8E90058BF0A /* Main.storyboard in Resources */ = {isa = PBXBuildFile; fileRef = 55F423BA1A18E8E90058BF0A /* Main.storyboard */; };
		55F423BE1A18E8E90058BF0A /* Images.xcassets in Resources */ = {isa = PBXBuildFile; fileRef = 55F423BD1A18E8E90058BF0A /* Images.xcassets */; };
		55F423C11A18E8E90058BF0A /* LaunchScreen.xib in Resources */ = {isa = PBXBuildFile; fileRef = 55F423BF1A18E8E90058BF0A /* LaunchScreen.xib */; };
		55F423CD1A18E8EA0058BF0A /* TaskItTests.swift in Sources */ = {isa = PBXBuildFile; fileRef = 55F423CC1A18E8EA0058BF0A /* TaskItTests.swift */; };
		55F423D71A18EF890058BF0A /* TaskCell.swift in Sources */ = {isa = PBXBuildFile; fileRef = 55F423D61A18EF890058BF0A /* TaskCell.swift */; };
/* End PBXBuildFile section */

/* Begin PBXContainerItemProxy section */
		55F423C71A18E8E90058BF0A /* PBXContainerItemProxy */ = {
			isa = PBXContainerItemProxy;
			containerPortal = 55F423A91A18E8E90058BF0A /* Project object */;
			proxyType = 1;
			remoteGlobalIDString = 55F423B01A18E8E90058BF0A;
			remoteInfo = TaskIt;
		};
/* End PBXContainerItemProxy section */

/* Begin PBXFileReference section */
		554A26B41A223BAE003CB3B2 /* TaskModel.swift */ = {isa = PBXFileReference; fileEncoding = 4; lastKnownFileType = sourcecode.swift; path = TaskModel.swift; sourceTree = "<group>"; };
		554A26B61A223D57003CB3B2 /* TaskDetailViewController.swift */ = {isa = PBXFileReference; fileEncoding = 4; lastKnownFileType = sourcecode.swift; path = TaskDetailViewController.swift; sourceTree = "<group>"; };
		55F423B11A18E8E90058BF0A /* TaskIt.app */ = {isa = PBXFileReference; explicitFileType = wrapper.application; includeInIndex = 0; path = TaskIt.app; sourceTree = BUILT_PRODUCTS_DIR; };
		55F423B51A18E8E90058BF0A /* Info.plist */ = {isa = PBXFileReference; lastKnownFileType = text.plist.xml; path = Info.plist; sourceTree = "<group>"; };
		55F423B61A18E8E90058BF0A /* AppDelegate.swift */ = {isa = PBXFileReference; lastKnownFileType = sourcecode.swift; path = AppDelegate.swift; sourceTree = "<group>"; };
		55F423B81A18E8E90058BF0A /* ViewController.swift */ = {isa = PBXFileReference; lastKnownFileType = sourcecode.swift; path = ViewController.swift; sourceTree = "<group>"; };
		55F423BB1A18E8E90058BF0A /* Base */ = {isa = PBXFileReference; lastKnownFileType = file.storyboard; name = Base; path = Base.lproj/Main.storyboard; sourceTree = "<group>"; };
		55F423BD1A18E8E90058BF0A /* Images.xcassets */ = {isa = PBXFileReference; lastKnownFileType = folder.assetcatalog; path = Images.xcassets; sourceTree = "<group>"; };
		55F423C01A18E8E90058BF0A /* Base */ = {isa = PBXFileReference; lastKnownFileType = file.xib; name = Base; path = Base.lproj/LaunchScreen.xib; sourceTree = "<group>"; };
		55F423C61A18E8E90058BF0A /* TaskItTests.xctest */ = {isa = PBXFileReference; explicitFileType = wrapper.cfbundle; includeInIndex = 0; path = TaskItTests.xctest; sourceTree = BUILT_PRODUCTS_DIR; };
		55F423CB1A18E8EA0058BF0A /* Info.plist */ = {isa = PBXFileReference; lastKnownFileType = text.plist.xml; path = Info.plist; sourceTree = "<group>"; };
		55F423CC1A18E8EA0058BF0A /* TaskItTests.swift */ = {isa = PBXFileReference; lastKnownFileType = sourcecode.swift; path = TaskItTests.swift; sourceTree = "<group>"; };
		55F423D61A18EF890058BF0A /* TaskCell.swift */ = {isa = PBXFileReference; fileEncoding = 4; lastKnownFileType = sourcecode.swift; path = TaskCell.swift; sourceTree = "<group>"; };
/* End PBXFileReference section */

/* Begin PBXFrameworksBuildPhase section */
		55F423AE1A18E8E90058BF0A /* Frameworks */ = {
			isa = PBXFrameworksBuildPhase;
			buildActionMask = 2147483647;
			files = (
			);
			runOnlyForDeploymentPostprocessing = 0;
		};
		55F423C31A18E8E90058BF0A /* Frameworks */ = {
			isa = PBXFrameworksBuildPhase;
			buildActionMask = 2147483647;
			files = (
			);
			runOnlyForDeploymentPostprocessing = 0;
		};
/* End PBXFrameworksBuildPhase section */

/* Begin PBXGroup section */
		55F423A81A18E8E90058BF0A = {
			isa = PBXGroup;
			children = (
				55F423B31A18E8E90058BF0A /* TaskIt */,
				55F423C91A18E8EA0058BF0A /* TaskItTests */,
				55F423B21A18E8E90058BF0A /* Products */,
			);
			sourceTree = "<group>";
		};
		55F423B21A18E8E90058BF0A /* Products */ = {
			isa = PBXGroup;
			children = (
				55F423B11A18E8E90058BF0A /* TaskIt.app */,
				55F423C61A18E8E90058BF0A /* TaskItTests.xctest */,
			);
			name = Products;
			sourceTree = "<group>";
		};
		55F423B31A18E8E90058BF0A /* TaskIt */ = {
			isa = PBXGroup;
			children = (
				55F423B61A18E8E90058BF0A /* AppDelegate.swift */,
				55F423B81A18E8E90058BF0A /* ViewController.swift */,
				55F423BA1A18E8E90058BF0A /* Main.storyboard */,
				554A26B61A223D57003CB3B2 /* TaskDetailViewController.swift */,
				55F423D61A18EF890058BF0A /* TaskCell.swift */,
				554A26B41A223BAE003CB3B2 /* TaskModel.swift */,
				55F423BD1A18E8E90058BF0A /* Images.xcassets */,
				55F423BF1A18E8E90058BF0A /* LaunchScreen.xib */,
				55F423B41A18E8E90058BF0A /* Supporting Files */,
			);
			path = TaskIt;
			sourceTree = "<group>";
		};
		55F423B41A18E8E90058BF0A /* Supporting Files */ = {
			isa = PBXGroup;
			children = (
				55F423B51A18E8E90058BF0A /* Info.plist */,
			);
			name = "Supporting Files";
			sourceTree = "<group>";
		};
		55F423C91A18E8EA0058BF0A /* TaskItTests */ = {
			isa = PBXGroup;
			children = (
				55F423CC1A18E8EA0058BF0A /* TaskItTests.swift */,
				55F423CA1A18E8EA0058BF0A /* Supporting Files */,
			);
			path = TaskItTests;
			sourceTree = "<group>";
		};
		55F423CA1A18E8EA0058BF0A /* Supporting Files */ = {
			isa = PBXGroup;
			children = (
				55F423CB1A18E8EA0058BF0A /* Info.plist */,
			);
			name = "Supporting Files";
			sourceTree = "<group>";
		};
/* End PBXGroup section */

/* Begin PBXNativeTarget section */
		55F423B01A18E8E90058BF0A /* TaskIt */ = {
			isa = PBXNativeTarget;
			buildConfigurationList = 55F423D01A18E8EA0058BF0A /* Build configuration list for PBXNativeTarget "TaskIt" */;
			buildPhases = (
				55F423AD1A18E8E90058BF0A /* Sources */,
				55F423AE1A18E8E90058BF0A /* Frameworks */,
				55F423AF1A18E8E90058BF0A /* Resources */,
			);
			buildRules = (
			);
			dependencies = (
			);
			name = TaskIt;
			productName = TaskIt;
			productReference = 55F423B11A18E8E90058BF0A /* TaskIt.app */;
			productType = "com.apple.product-type.application";
		};
		55F423C51A18E8E90058BF0A /* TaskItTests */ = {
			isa = PBXNativeTarget;
			buildConfigurationList = 55F423D31A18E8EA0058BF0A /* Build configuration list for PBXNativeTarget "TaskItTests" */;
			buildPhases = (
				55F423C21A18E8E90058BF0A /* Sources */,
				55F423C31A18E8E90058BF0A /* Frameworks */,
				55F423C41A18E8E90058BF0A /* Resources */,
			);
			buildRules = (
			);
			dependencies = (
				55F423C81A18E8E90058BF0A /* PBXTargetDependency */,
			);
			name = TaskItTests;
			productName = TaskItTests;
			productReference = 55F423C61A18E8E90058BF0A /* TaskItTests.xctest */;
			productType = "com.apple.product-type.bundle.unit-test";
		};
/* End PBXNativeTarget section */

/* Begin PBXProject section */
		55F423A91A18E8E90058BF0A /* Project object */ = {
			isa = PBXProject;
			attributes = {
				LastUpgradeCheck = 0610;
				ORGANIZATIONNAME = "David Grevink";
				TargetAttributes = {
					55F423B01A18E8E90058BF0A = {
						CreatedOnToolsVersion = 6.1;
					};
					55F423C51A18E8E90058BF0A = {
						CreatedOnToolsVersion = 6.1;
						TestTargetID = 55F423B01A18E8E90058BF0A;
					};
				};
			};
			buildConfigurationList = 55F423AC1A18E8E90058BF0A /* Build configuration list for PBXProject "TaskIt" */;
			compatibilityVersion = "Xcode 3.2";
			developmentRegion = English;
			hasScannedForEncodings = 0;
			knownRegions = (
				en,
				Base,
			);
			mainGroup = 55F423A81A18E8E90058BF0A;
			productRefGroup = 55F423B21A18E8E90058BF0A /* Products */;
			projectDirPath = "";
			projectRoot = "";
			targets = (
				55F423B01A18E8E90058BF0A /* TaskIt */,
				55F423C51A18E8E90058BF0A /* TaskItTests */,
			);
		};
/* End PBXProject section */

/* Begin PBXResourcesBuildPhase section */
		55F423AF1A18E8E90058BF0A /* Resources */ = {
			isa = PBXResourcesBuildPhase;
			buildActionMask = 2147483647;
			files = (
				55F423BC1A18E8E90058BF0A /* Main.storyboard in Resources */,
				55F423C11A18E8E90058BF0A /* LaunchScreen.xib in Resources */,
				55F423BE1A18E8E90058BF0A /* Images.xcassets in Resources */,
			);
			runOnlyForDeploymentPostprocessing = 0;
		};
		55F423C41A18E8E90058BF0A /* Resources */ = {
			isa = PBXResourcesBuildPhase;
			buildActionMask = 2147483647;
			files = (
			);
			runOnlyForDeploymentPostprocessing = 0;
		};
/* End PBXResourcesBuildPhase section */

/* Begin PBXSourcesBuildPhase section */
		55F423AD1A18E8E90058BF0A /* Sources */ = {
			isa = PBXSourcesBuildPhase;
			buildActionMask = 2147483647;
			files = (
				55F423B91A18E8E90058BF0A /* ViewController.swift in Sources */,
				55F423D71A18EF890058BF0A /* TaskCell.swift in Sources */,
				554A26B51A223BAE003CB3B2 /* TaskModel.swift in Sources */,
				55F423B71A18E8E90058BF0A /* AppDelegate.swift in Sources */,
				554A26B71A223D57003CB3B2 /* TaskDetailViewController.swift in Sources */,
			);
			runOnlyForDeploymentPostprocessing = 0;
		};
		55F423C21A18E8E90058BF0A /* Sources */ = {
			isa = PBXSourcesBuildPhase;
			buildActionMask = 2147483647;
			files = (
				55F423CD1A18E8EA0058BF0A /* TaskItTests.swift in Sources */,
			);
			runOnlyForDeploymentPostprocessing = 0;
		};
/* End PBXSourcesBuildPhase section */

/* Begin PBXTargetDependency section */
		55F423C81A18E8E90058BF0A /* PBXTargetDependency */ = {
			isa = PBXTargetDependency;
			target = 55F423B01A18E8E90058BF0A /* TaskIt */;
			targetProxy = 55F423C71A18E8E90058BF0A /* PBXContainerItemProxy */;
		};
/* End PBXTargetDependency section */

/* Begin PBXVariantGroup section */
		55F423BA1A18E8E90058BF0A /* Main.storyboard */ = {
			isa = PBXVariantGroup;
			children = (
				55F423BB1A18E8E90058BF0A /* Base */,
			);
			name = Main.storyboard;
			sourceTree = "<group>";
		};
		55F423BF1A18E8E90058BF0A /* LaunchScreen.xib */ = {
			isa = PBXVariantGroup;
			children = (
				55F423C01A18E8E90058BF0A /* Base */,
			);
			name = LaunchScreen.xib;
			sourceTree = "<group>";
		};
/* End PBXVariantGroup section */

/* Begin XCBuildConfiguration section */
		55F423CE1A18E8EA0058BF0A /* Debug */ = {
			isa = XCBuildConfiguration;
			buildSettings = {
				ALWAYS_SEARCH_USER_PATHS = NO;
				CLANG_CXX_LANGUAGE_STANDARD = "gnu++0x";
				CLANG_CXX_LIBRARY = "libc++";
				CLANG_ENABLE_MODULES = YES;
				CLANG_ENABLE_OBJC_ARC = YES;
				CLANG_WARN_BOOL_CONVERSION = YES;
				CLANG_WARN_CONSTANT_CONVERSION = YES;
				CLANG_WARN_DIRECT_OBJC_ISA_USAGE = YES_ERROR;
				CLANG_WARN_EMPTY_BODY = YES;
				CLANG_WARN_ENUM_CONVERSION = YES;
				CLANG_WARN_INT_CONVERSION = YES;
				CLANG_WARN_OBJC_ROOT_CLASS = YES_ERROR;
				CLANG_WARN_UNREACHABLE_CODE = YES;
				CLANG_WARN__DUPLICATE_METHOD_MATCH = YES;
				"CODE_SIGN_IDENTITY[sdk=iphoneos*]" = "iPhone Developer";
				COPY_PHASE_STRIP = NO;
				ENABLE_STRICT_OBJC_MSGSEND = YES;
				GCC_C_LANGUAGE_STANDARD = gnu99;
				GCC_DYNAMIC_NO_PIC = NO;
				GCC_OPTIMIZATION_LEVEL = 0;
				GCC_PREPROCESSOR_DEFINITIONS = (
					"DEBUG=1",
					"$(inherited)",
				);
				GCC_SYMBOLS_PRIVATE_EXTERN = NO;
				GCC_WARN_64_TO_32_BIT_CONVERSION = YES;
				GCC_WARN_ABOUT_RETURN_TYPE = YES_ERROR;
				GCC_WARN_UNDECLARED_SELECTOR = YES;
				GCC_WARN_UNINITIALIZED_AUTOS = YES_AGGRESSIVE;
				GCC_WARN_UNUSED_FUNCTION = YES;
				GCC_WARN_UNUSED_VARIABLE = YES;
				IPHONEOS_DEPLOYMENT_TARGET = 8.1;
				MTL_ENABLE_DEBUG_INFO = YES;
				ONLY_ACTIVE_ARCH = YES;
				SDKROOT = iphoneos;
				SWIFT_OPTIMIZATION_LEVEL = "-Onone";
				TARGETED_DEVICE_FAMILY = "1,2";
			};
			name = Debug;
		};
		55F423CF1A18E8EA0058BF0A /* Release */ = {
			isa = XCBuildConfiguration;
			buildSettings = {
				ALWAYS_SEARCH_USER_PATHS = NO;
				CLANG_CXX_LANGUAGE_STANDARD = "gnu++0x";
				CLANG_CXX_LIBRARY = "libc++";
				CLANG_ENABLE_MODULES = YES;
				CLANG_ENABLE_OBJC_ARC = YES;
				CLANG_WARN_BOOL_CONVERSION = YES;
				CLANG_WARN_CONSTANT_CONVERSION = YES;
				CLANG_WARN_DIRECT_OBJC_ISA_USAGE = YES_ERROR;
				CLANG_WARN_EMPTY_BODY = YES;
				CLANG_WARN_ENUM_CONVERSION = YES;
				CLANG_WARN_INT_CONVERSION = YES;
				CLANG_WARN_OBJC_ROOT_CLASS = YES_ERROR;
				CLANG_WARN_UNREACHABLE_CODE = YES;
				CLANG_WARN__DUPLICATE_METHOD_MATCH = YES;
				"CODE_SIGN_IDENTITY[sdk=iphoneos*]" = "iPhone Developer";
				COPY_PHASE_STRIP = YES;
				ENABLE_NS_ASSERTIONS = NO;
				ENABLE_STRICT_OBJC_MSGSEND = YES;
				GCC_C_LANGUAGE_STANDARD = gnu99;
				GCC_WARN_64_TO_32_BIT_CONVERSION = YES;
				GCC_WARN_ABOUT_RETURN_TYPE = YES_ERROR;
				GCC_WARN_UNDECLARED_SELECTOR = YES;
				GCC_WARN_UNINITIALIZED_AUTOS = YES_AGGRESSIVE;
				GCC_WARN_UNUSED_FUNCTION = YES;
				GCC_WARN_UNUSED_VARIABLE = YES;
				IPHONEOS_DEPLOYMENT_TARGET = 8.1;
				MTL_ENABLE_DEBUG_INFO = NO;
				SDKROOT = iphoneos;
				TARGETED_DEVICE_FAMILY = "1,2";
				VALIDATE_PRODUCT = YES;
			};
			name = Release;
		};
		55F423D11A18E8EA0058BF0A /* Debug */ = {
			isa = XCBuildConfiguration;
			buildSettings = {
				ASSETCATALOG_COMPILER_APPICON_NAME = AppIcon;
				INFOPLIST_FILE = TaskIt/Info.plist;
				LD_RUNPATH_SEARCH_PATHS = "$(inherited) @executable_path/Frameworks";
				PRODUCT_NAME = "$(TARGET_NAME)";
			};
			name = Debug;
		};
		55F423D21A18E8EA0058BF0A /* Release */ = {
			isa = XCBuildConfiguration;
			buildSettings = {
				ASSETCATALOG_COMPILER_APPICON_NAME = AppIcon;
				INFOPLIST_FILE = TaskIt/Info.plist;
				LD_RUNPATH_SEARCH_PATHS = "$(inherited) @executable_path/Frameworks";
				PRODUCT_NAME = "$(TARGET_NAME)";
			};
			name = Release;
		};
		55F423D41A18E8EA0058BF0A /* Debug */ = {
			isa = XCBuildConfiguration;
			buildSettings = {
				BUNDLE_LOADER = "$(TEST_HOST)";
				FRAMEWORK_SEARCH_PATHS = (
					"$(SDKROOT)/Developer/Library/Frameworks",
					"$(inherited)",
				);
				GCC_PREPROCESSOR_DEFINITIONS = (
					"DEBUG=1",
					"$(inherited)",
				);
				INFOPLIST_FILE = TaskItTests/Info.plist;
				LD_RUNPATH_SEARCH_PATHS = "$(inherited) @executable_path/Frameworks @loader_path/Frameworks";
				PRODUCT_NAME = "$(TARGET_NAME)";
				TEST_HOST = "$(BUILT_PRODUCTS_DIR)/TaskIt.app/TaskIt";
			};
			name = Debug;
		};
		55F423D51A18E8EA0058BF0A /* Release */ = {
			isa = XCBuildConfiguration;
			buildSettings = {
				BUNDLE_LOADER = "$(TEST_HOST)";
				FRAMEWORK_SEARCH_PATHS = (
					"$(SDKROOT)/Developer/Library/Frameworks",
					"$(inherited)",
				);
				INFOPLIST_FILE = TaskItTests/Info.plist;
				LD_RUNPATH_SEARCH_PATHS = "$(inherited) @executable_path/Frameworks @loader_path/Frameworks";
				PRODUCT_NAME = "$(TARGET_NAME)";
				TEST_HOST = "$(BUILT_PRODUCTS_DIR)/TaskIt.app/TaskIt";
			};
			name = Release;
		};
/* End XCBuildConfiguration section */

/* Begin XCConfigurationList section */
		55F423AC1A18E8E90058BF0A /* Build configuration list for PBXProject "TaskIt" */ = {
			isa = XCConfigurationList;
			buildConfigurations = (
				55F423CE1A18E8EA0058BF0A /* Debug */,
				55F423CF1A18E8EA0058BF0A /* Release */,
			);
			defaultConfigurationIsVisible = 0;
			defaultConfigurationName = Release;
		};
		55F423D01A18E8EA0058BF0A /* Build configuration list for PBXNativeTarget "TaskIt" */ = {
			isa = XCConfigurationList;
			buildConfigurations = (
				55F423D11A18E8EA0058BF0A /* Debug */,
				55F423D21A18E8EA0058BF0A /* Release */,
			);
			defaultConfigurationIsVisible = 0;
			defaultConfigurationName = Release;
		};
		55F423D31A18E8EA0058BF0A /* Build configuration list for PBXNativeTarget "TaskItTests" */ = {
			isa = XCConfigurationList;
			buildConfigurations = (
				55F423D41A18E8EA0058BF0A /* Debug */,
				55F423D51A18E8EA0058BF0A /* Release */,
			);
			defaultConfigurationIsVisible = 0;
			defaultConfigurationName = Release;
		};
/* End XCConfigurationList section */
	};
	rootObject = 55F423A91A18E8E90058BF0A /* Project object */;
}
